
Microsoft Visual Studio Solution File, Format Version 12.00
# Visual Studio Version 17
VisualStudioVersion = 17.10.35122.118
MinimumVisualStudioVersion = 10.0.40219.1
Project("{FAE04EC0-301F-11D3-BF4B-00C04F79EFBC}") = "AngularCRUD", "AngularCRUD\AngularCRUD.csproj", "{6FCC7DB5-B2D7-49E7-9EB7-B5E5DBCA3FFF}"
EndProject
Global
	GlobalSection(SolutionConfigurationPlatforms) = preSolution
		Debug|Any CPU = Debug|Any CPU
		Release|Any CPU = Release|Any CPU
	EndGlobalSection
	GlobalSection(ProjectConfigurationPlatforms) = postSolution
		{6FCC7DB5-B2D7-49E7-9EB7-B5E5DBCA3FFF}.Debug|Any CPU.ActiveCfg = Debug|Any CPU
		{6FCC7DB5-B2D7-49E7-9EB7-B5E5DBCA3FFF}.Debug|Any CPU.Build.0 = Debug|Any CPU
		{6FCC7DB5-B2D7-49E7-9EB7-B5E5DBCA3FFF}.Release|Any CPU.ActiveCfg = Release|Any CPU
		{6FCC7DB5-B2D7-49E7-9EB7-B5E5DBCA3FFF}.Release|Any CPU.Build.0 = Release|Any CPU
	EndGlobalSection
	GlobalSection(SolutionProperties) = preSolution
		HideSolutionNode = FALSE
	EndGlobalSection
	GlobalSection(ExtensibilityGlobals) = postSolution
		SolutionGuid = {90CDD431-82AE-48A4-9013-BCA200AC77A6}
	EndGlobalSection
EndGlobal
